Microsoft Visual Studio Solution File, Format Version 8.00
Project("{8BC9CEB8-8B4A-11D0-8D11-00A0C91BC942}") = "ArmAUnbin", "ArmAUnbin.vcproj", "{7707F0BA-DFA0-4F2C-97D8-1D5E6F3C9CC1}"
	ProjectSection(ProjectDependencies) = postProject
	EndProjectSection
EndProject
Global
	GlobalSection(SolutionConfiguration) = preSolution
		Debug = Debug
		Release = Release
	EndGlobalSection
	GlobalSection(ProjectConfiguration) = postSolution
		{7707F0BA-DFA0-4F2C-97D8-1D5E6F3C9CC1}.Debug.ActiveCfg = Debug|Win32
		{7707F0BA-DFA0-4F2C-97D8-1D5E6F3C9CC1}.Debug.Build.0 = Debug|Win32
		{7707F0BA-DFA0-4F2C-97D8-1D5E6F3C9CC1}.Release.ActiveCfg = Release|Win32
		{7707F0BA-DFA0-4F2C-97D8-1D5E6F3C9CC1}.Release.Build.0 = Release|Win32
	EndGlobalSection
	GlobalSection(ExtensibilityGlobals) = postSolution
	EndGlobalSection
	GlobalSection(ExtensibilityAddIns) = postSolution
	EndGlobalSection
EndGlobal
